{
	"name": "@yjj-cli-dev/utils",
	"version": "1.0.0",
	"lockfileVersion": 1,
	"requires": true,
	"dependencies": {
		"@yjj-cli-dev/core": {
			"version": "1.0.2",
			"resolved": "https://registry.npmjs.org/@yjj-cli-dev/core/-/core-1.0.2.tgz",
			"integrity": "sha512-nE7FaSeABgUw9HX/aZOw1MWucBzgTlrtP17ovCUI/I55dqcsiHgyvttjoZgSoJ0+eQv+0QvOpMDSx7kZQBLEqA=="
		}
	}
}
